# This file is automatically @generated by Cargo.
# It is not intended for manual editing.
version = 4

[[package]]
name = "sp1-reth-shim"
version = "0.1.0"
dependencies = [
 "sp1-zesu-shim",
]

[[package]]
name = "sp1-zesu-shim"
version = "0.1.0"

[[package]]
name = "zisk-zesu-shim"
version = "0.1.0"
